// !$*UTF8*$!
{
	archiveVersion = 1;
	classes = {
	};
	objectVersion = 46;
	objects = {

/* Begin PBXBuildFile section */
		215C79941C4A2124008B1B65 /* main.m in Sources */ = {isa = PBXBuildFile; fileRef = 215C79931C4A2124008B1B65 /* main.m */; };
		215C79971C4A2124008B1B65 /* AppDelegate.m in Sources */ = {isa = PBXBuildFile; fileRef = 215C79961C4A2124008B1B65 /* AppDelegate.m */; };
		215C799A1C4A2124008B1B65 /* ViewController.m in Sources */ = {isa = PBXBuildFile; fileRef = 215C79991C4A2124008B1B65 /* ViewController.m */; };
		215C799D1C4A2124008B1B65 /* Main.storyboard in Resources */ = {isa = PBXBuildFile; fileRef = 215C799B1C4A2124008B1B65 /* Main.storyboard */; };
		215C799F1C4A2124008B1B65 /* Assets.xcassets in Resources */ = {isa = PBXBuildFile; fileRef = 215C799E1C4A2124008B1B65 /* Assets.xcassets */; };
		215C79A21C4A2124008B1B65 /* LaunchScreen.storyboard in Resources */ = {isa = PBXBuildFile; fileRef = 215C79A01C4A2124008B1B65 /* LaunchScreen.storyboard */; };
		215C79B01C4A2BA8008B1B65 /* libsqlite3.dylib in Frameworks */ = {isa = PBXBuildFile; fileRef = 215C79AF1C4A2BA8008B1B65 /* libsqlite3.dylib */; };
		218340951C4F75FF00D0B9E7 /* QCCore.framework in Frameworks */ = {isa = PBXBuildFile; fileRef = 218340941C4F75FF00D0B9E7 /* QCCore.framework */; };
/* End PBXBuildFile section */

/* Begin PBXFileReference section */
		215C798F1C4A2124008B1B65 /* QCCoreExample.app */ = {isa = PBXFileReference; explicitFileType = wrapper.application; includeInIndex = 0; path = QCCoreExample.app; sourceTree = BUILT_PRODUCTS_DIR; };
		215C79931C4A2124008B1B65 /* main.m */ = {isa = PBXFileReference; lastKnownFileType = sourcecode.c.objc; path = main.m; sourceTree = "<group>"; };
		215C79951C4A2124008B1B65 /* AppDelegate.h */ = {isa = PBXFileReference; lastKnownFileType = sourcecode.c.h; path = AppDelegate.h; sourceTree = "<group>"; };
		215C79961C4A2124008B1B65 /* AppDelegate.m */ = {isa = PBXFileReference; lastKnownFileType = sourcecode.c.objc; path = AppDelegate.m; sourceTree = "<group>"; };
		215C79981C4A2124008B1B65 /* ViewController.h */ = {isa = PBXFileReference; lastKnownFileType = sourcecode.c.h; path = ViewController.h; sourceTree = "<group>"; };
		215C79991C4A2124008B1B65 /* ViewController.m */ = {isa = PBXFileReference; lastKnownFileType = sourcecode.c.objc; path = ViewController.m; sourceTree = "<group>"; };
		215C799C1C4A2124008B1B65 /* Base */ = {isa = PBXFileReference; lastKnownFileType = file.storyboard; name = Base; path = Base.lproj/Main.storyboard; sourceTree = "<group>"; };
		215C799E1C4A2124008B1B65 /* Assets.xcassets */ = {isa = PBXFileReference; lastKnownFileType = folder.assetcatalog; path = Assets.xcassets; sourceTree = "<group>"; };
		215C79A11C4A2124008B1B65 /* Base */ = {isa = PBXFileReference; lastKnownFileType = file.storyboard; name = Base; path = Base.lproj/LaunchScreen.storyboard; sourceTree = "<group>"; };
		215C79A31C4A2124008B1B65 /* Info.plist */ = {isa = PBXFileReference; lastKnownFileType = text.plist.xml; path = Info.plist; sourceTree = "<group>"; };
		215C79AF1C4A2BA8008B1B65 /* libsqlite3.dylib */ = {isa = PBXFileReference; lastKnownFileType = "compiled.mach-o.dylib"; name = libsqlite3.dylib; path = ../../../../../usr/lib/libsqlite3.dylib; sourceTree = "<group>"; };
		218340941C4F75FF00D0B9E7 /* QCCore.framework */ = {isa = PBXFileReference; lastKnownFileType = wrapper.framework; name = QCCore.framework; path = "../../../Library/Developer/Xcode/DerivedData/Build/Products/Debug-iphoneos/QCCore.framework"; sourceTree = "<group>"; };
/* End PBXFileReference section */

/* Begin PBXFrameworksBuildPhase section */
		215C798C1C4A2124008B1B65 /* Frameworks */ = {
			isa = PBXFrameworksBuildPhase;
			buildActionMask = 2147483647;
			files = (
				218340951C4F75FF00D0B9E7 /* QCCore.framework in Frameworks */,
				215C79B01C4A2BA8008B1B65 /* libsqlite3.dylib in Frameworks */,
			);
			runOnlyForDeploymentPostprocessing = 0;
		};
/* End PBXFrameworksBuildPhase section */

/* Begin PBXGroup section */
		215C79861C4A2124008B1B65 = {
			isa = PBXGroup;
			children = (
				218340941C4F75FF00D0B9E7 /* QCCore.framework */,
				215C79AF1C4A2BA8008B1B65 /* libsqlite3.dylib */,
				215C79911C4A2124008B1B65 /* QCCoreExample */,
				215C79901C4A2124008B1B65 /* Products */,
			);
			sourceTree = "<group>";
		};
		215C79901C4A2124008B1B65 /* Products */ = {
			isa = PBXGroup;
			children = (
				215C798F1C4A2124008B1B65 /* QCCoreExample.app */,
			);
			name = Products;
			sourceTree = "<group>";
		};
		215C79911C4A2124008B1B65 /* QCCoreExample */ = {
			isa = PBXGroup;
			children = (
				215C79951C4A2124008B1B65 /* AppDelegate.h */,
				215C79961C4A2124008B1B65 /* AppDelegate.m */,
				215C79981C4A2124008B1B65 /* ViewController.h */,
				215C79991C4A2124008B1B65 /* ViewController.m */,
				215C799B1C4A2124008B1B65 /* Main.storyboard */,
				215C799E1C4A2124008B1B65 /* Assets.xcassets */,
				215C79A01C4A2124008B1B65 /* LaunchScreen.storyboard */,
				215C79A31C4A2124008B1B65 /* Info.plist */,
				215C79921C4A2124008B1B65 /* Supporting Files */,
			);
			path = QCCoreExample;
			sourceTree = "<group>";
		};
		215C79921C4A2124008B1B65 /* Supporting Files */ = {
			isa = PBXGroup;
			children = (
				215C79931C4A2124008B1B65 /* main.m */,
			);
			name = "Supporting Files";
			sourceTree = "<group>";
		};
/* End PBXGroup section */

/* Begin PBXNativeTarget section */
		215C798E1C4A2124008B1B65 /* QCCoreExample */ = {
			isa = PBXNativeTarget;
			buildConfigurationList = 215C79A61C4A2124008B1B65 /* Build configuration list for PBXNativeTarget "QCCoreExample" */;
			buildPhases = (
				215C798B1C4A2124008B1B65 /* Sources */,
				215C798C1C4A2124008B1B65 /* Frameworks */,
				215C798D1C4A2124008B1B65 /* Resources */,
			);
			buildRules = (
			);
			dependencies = (
			);
			name = QCCoreExample;
			productName = QCCoreExample;
			productReference = 215C798F1C4A2124008B1B65 /* QCCoreExample.app */;
			productType = "com.apple.product-type.application";
		};
/* End PBXNativeTarget section */

/* Begin PBXProject section */
		215C79871C4A2124008B1B65 /* Project object */ = {
			isa = PBXProject;
			attributes = {
				LastUpgradeCheck = 0720;
				ORGANIZATIONNAME = qcwl;
				TargetAttributes = {
					215C798E1C4A2124008B1B65 = {
						CreatedOnToolsVersion = 7.2;
						DevelopmentTeam = 8Z24823UUC;
					};
				};
			};
			buildConfigurationList = 215C798A1C4A2124008B1B65 /* Build configuration list for PBXProject "QCCoreExample" */;
			compatibilityVersion = "Xcode 3.2";
			developmentRegion = English;
			hasScannedForEncodings = 0;
			knownRegions = (
				en,
				Base,
			);
			mainGroup = 215C79861C4A2124008B1B65;
			productRefGroup = 215C79901C4A2124008B1B65 /* Products */;
			projectDirPath = "";
			projectRoot = "";
			targets = (
				215C798E1C4A2124008B1B65 /* QCCoreExample */,
			);
		};
/* End PBXProject section */

/* Begin PBXResourcesBuildPhase section */
		215C798D1C4A2124008B1B65 /* Resources */ = {
			isa = PBXResourcesBuildPhase;
			buildActionMask = 2147483647;
			files = (
				215C79A21C4A2124008B1B65 /* LaunchScreen.storyboard in Resources */,
				215C799F1C4A2124008B1B65 /* Assets.xcassets in Resources */,
				215C799D1C4A2124008B1B65 /* Main.storyboard in Resources */,
			);
			runOnlyForDeploymentPostprocessing = 0;
		};
/* End PBXResourcesBuildPhase section */

/* Begin PBXSourcesBuildPhase section */
		215C798B1C4A2124008B1B65 /* Sources */ = {
			isa = PBXSourcesBuildPhase;
			buildActionMask = 2147483647;
			files = (
				215C799A1C4A2124008B1B65 /* ViewController.m in Sources */,
				215C79971C4A2124008B1B65 /* AppDelegate.m in Sources */,
				215C79941C4A2124008B1B65 /* main.m in Sources */,
			);
			runOnlyForDeploymentPostprocessing = 0;
		};
/* End PBXSourcesBuildPhase section */

/* Begin PBXVariantGroup section */
		215C799B1C4A2124008B1B65 /* Main.storyboard */ = {
			isa = PBXVariantGroup;
			children = (
				215C799C1C4A2124008B1B65 /* Base */,
			);
			name = Main.storyboard;
			sourceTree = "<group>";
		};
		215C79A01C4A2124008B1B65 /* LaunchScreen.storyboard */ = {
			isa = PBXVariantGroup;
			children = (
				215C79A11C4A2124008B1B65 /* Base */,
			);
			name = LaunchScreen.storyboard;
			sourceTree = "<group>";
		};
/* End PBXVariantGroup section */

/* Begin XCBuildConfiguration section */
		215C79A41C4A2124008B1B65 /* Debug */ = {
			isa = XCBuildConfiguration;
			buildSettings = {
				ALWAYS_SEARCH_USER_PATHS = NO;
				CLANG_CXX_LANGUAGE_STANDARD = "gnu++0x";
				CLANG_CXX_LIBRARY = "libc++";
				CLANG_ENABLE_MODULES = YES;
				CLANG_ENABLE_OBJC_ARC = YES;
				CLANG_WARN_BOOL_CONVERSION = YES;
				CLANG_WARN_CONSTANT_CONVERSION = YES;
				CLANG_WARN_DIRECT_OBJC_ISA_USAGE = YES_ERROR;
				CLANG_WARN_EMPTY_BODY = YES;
				CLANG_WARN_ENUM_CONVERSION = YES;
				CLANG_WARN_INT_CONVERSION = YES;
				CLANG_WARN_OBJC_ROOT_CLASS = YES_ERROR;
				CLANG_WARN_UNREACHABLE_CODE = YES;
				CLANG_WARN__DUPLICATE_METHOD_MATCH = YES;
				"CODE_SIGN_IDENTITY[sdk=iphoneos*]" = "iPhone Developer";
				COPY_PHASE_STRIP = NO;
				DEBUG_INFORMATION_FORMAT = dwarf;
				ENABLE_STRICT_OBJC_MSGSEND = YES;
				ENABLE_TESTABILITY = YES;
				GCC_C_LANGUAGE_STANDARD = gnu99;
				GCC_DYNAMIC_NO_PIC = NO;
				GCC_NO_COMMON_BLOCKS = YES;
				GCC_OPTIMIZATION_LEVEL = 0;
				GCC_PREPROCESSOR_DEFINITIONS = (
					"DEBUG=1",
					"$(inherited)",
				);
				GCC_WARN_64_TO_32_BIT_CONVERSION = YES;
				GCC_WARN_ABOUT_RETURN_TYPE = YES_ERROR;
				GCC_WARN_UNDECLARED_SELECTOR = YES;
				GCC_WARN_UNINITIALIZED_AUTOS = YES_AGGRESSIVE;
				GCC_WARN_UNUSED_FUNCTION = YES;
				GCC_WARN_UNUSED_VARIABLE = YES;
				IPHONEOS_DEPLOYMENT_TARGET = 9.2;
				MTL_ENABLE_DEBUG_INFO = YES;
				ONLY_ACTIVE_ARCH = YES;
				SDKROOT = iphoneos;
			};
			name = Debug;
		};
		215C79A51C4A2124008B1B65 /* Release */ = {
			isa = XCBuildConfiguration;
			buildSettings = {
				ALWAYS_SEARCH_USER_PATHS = NO;
				CLANG_CXX_LANGUAGE_STANDARD = "gnu++0x";
				CLANG_CXX_LIBRARY = "libc++";
				CLANG_ENABLE_MODULES = YES;
				CLANG_ENABLE_OBJC_ARC = YES;
				CLANG_WARN_BOOL_CONVERSION = YES;
				CLANG_WARN_CONSTANT_CONVERSION = YES;
				CLANG_WARN_DIRECT_OBJC_ISA_USAGE = YES_ERROR;
				CLANG_WARN_EMPTY_BODY = YES;
				CLANG_WARN_ENUM_CONVERSION = YES;
				CLANG_WARN_INT_CONVERSION = YES;
				CLANG_WARN_OBJC_ROOT_CLASS = YES_ERROR;
				CLANG_WARN_UNREACHABLE_CODE = YES;
				CLANG_WARN__DUPLICATE_METHOD_MATCH = YES;
				"CODE_SIGN_IDENTITY[sdk=iphoneos*]" = "iPhone Developer";
				COPY_PHASE_STRIP = NO;
				DEBUG_INFORMATION_FORMAT = "dwarf-with-dsym";
				ENABLE_NS_ASSERTIONS = NO;
				ENABLE_STRICT_OBJC_MSGSEND = YES;
				GCC_C_LANGUAGE_STANDARD = gnu99;
				GCC_NO_COMMON_BLOCKS = YES;
				GCC_WARN_64_TO_32_BIT_CONVERSION = YES;
				GCC_WARN_ABOUT_RETURN_TYPE = YES_ERROR;
				GCC_WARN_UNDECLARED_SELECTOR = YES;
				GCC_WARN_UNINITIALIZED_AUTOS = YES_AGGRESSIVE;
				GCC_WARN_UNUSED_FUNCTION = YES;
				GCC_WARN_UNUSED_VARIABLE = YES;
				IPHONEOS_DEPLOYMENT_TARGET = 9.2;
				MTL_ENABLE_DEBUG_INFO = NO;
				SDKROOT = iphoneos;
				VALIDATE_PRODUCT = YES;
			};
			name = Release;
		};
		215C79A71C4A2124008B1B65 /* Debug */ = {
			isa = XCBuildConfiguration;
			buildSettings = {
				ALWAYS_SEARCH_USER_PATHS = YES;
				ASSETCATALOG_COMPILER_APPICON_NAME = AppIcon;
				ASSETCATALOG_COMPILER_LAUNCHIMAGE_NAME = "Brand Assets";
				CODE_SIGN_IDENTITY = "iPhone Developer";
				FRAMEWORK_SEARCH_PATHS = "$(BUILT_PRODUCTS_DIR)";
				HEADER_SEARCH_PATHS = (
					/Applications/Xcode.app/Contents/Developer/Toolchains/XcodeDefault.xctoolchain/usr/include,
					"$(inherited)",
				);
				INFOPLIST_FILE = QCCoreExample/Info.plist;
				IPHONEOS_DEPLOYMENT_TARGET = 7.1;
				LD_RUNPATH_SEARCH_PATHS = "$(inherited) @executable_path/Frameworks";
				LIBRARY_SEARCH_PATHS = (
					"$(inherited)",
					"$(PROJECT_DIR)/QCCoreExample",
				);
				ONLY_ACTIVE_ARCH = YES;
				OTHER_LDFLAGS = "-ObjC";
				PRODUCT_BUNDLE_IDENTIFIER = com.qcwl.QCCoreExample;
				PRODUCT_NAME = "$(TARGET_NAME)";
			};
			name = Debug;
		};
		215C79A81C4A2124008B1B65 /* Release */ = {
			isa = XCBuildConfiguration;
			buildSettings = {
				ALWAYS_SEARCH_USER_PATHS = YES;
				ASSETCATALOG_COMPILER_APPICON_NAME = AppIcon;
				ASSETCATALOG_COMPILER_LAUNCHIMAGE_NAME = "Brand Assets";
				CODE_SIGN_IDENTITY = "iPhone Developer";
				FRAMEWORK_SEARCH_PATHS = "$(BUILT_PRODUCTS_DIR)";
				HEADER_SEARCH_PATHS = (
					/Applications/Xcode.app/Contents/Developer/Toolchains/XcodeDefault.xctoolchain/usr/include,
					"$(inherited)",
				);
				INFOPLIST_FILE = QCCoreExample/Info.plist;
				IPHONEOS_DEPLOYMENT_TARGET = 7.1;
				LD_RUNPATH_SEARCH_PATHS = "$(inherited) @executable_path/Frameworks";
				LIBRARY_SEARCH_PATHS = (
					"$(inherited)",
					"$(PROJECT_DIR)/QCCoreExample",
				);
				ONLY_ACTIVE_ARCH = YES;
				OTHER_LDFLAGS = "-ObjC";
				PRODUCT_BUNDLE_IDENTIFIER = com.qcwl.QCCoreExample;
				PRODUCT_NAME = "$(TARGET_NAME)";
			};
			name = Release;
		};
/* End XCBuildConfiguration section */

/* Begin XCConfigurationList section */
		215C798A1C4A2124008B1B65 /* Build configuration list for PBXProject "QCCoreExample" */ = {
			isa = XCConfigurationList;
			buildConfigurations = (
				215C79A41C4A2124008B1B65 /* Debug */,
				215C79A51C4A2124008B1B65 /* Release */,
			);
			defaultConfigurationIsVisible = 0;
			defaultConfigurationName = Release;
		};
		215C79A61C4A2124008B1B65 /* Build configuration list for PBXNativeTarget "QCCoreExample" */ = {
			isa = XCConfigurationList;
			buildConfigurations = (
				215C79A71C4A2124008B1B65 /* Debug */,
				215C79A81C4A2124008B1B65 /* Release */,
			);
			defaultConfigurationIsVisible = 0;
			defaultConfigurationName = Release;
		};
/* End XCConfigurationList section */
	};
	rootObject = 215C79871C4A2124008B1B65 /* Project object */;
}
